
Microsoft Visual Studio Solution File, Format Version 12.00
# Visual Studio 15
VisualStudioVersion = 15.0.28307.271
MinimumVisualStudioVersion = 10.0.40219.1
Project("{FAE04EC0-301F-11D3-BF4B-00C04F79EFBC}") = "Easy DnD Character Creator", "Easy DnD Character Creator\Easy DnD Character Creator.csproj", "{21992999-E4D8-4427-BBDB-E0912DD49159}"
EndProject
Global
	GlobalSection(SolutionConfigurationPlatforms) = preSolution
		Debug|Any CPU = Debug|Any CPU
		Release|Any CPU = Release|Any CPU
	EndGlobalSection
	GlobalSection(ProjectConfigurationPlatforms) = postSolution
		{21992999-E4D8-4427-BBDB-E0912DD49159}.Debug|Any CPU.ActiveCfg = Debug|Any CPU
		{21992999-E4D8-4427-BBDB-E0912DD49159}.Debug|Any CPU.Build.0 = Debug|Any CPU
		{21992999-E4D8-4427-BBDB-E0912DD49159}.Release|Any CPU.ActiveCfg = Release|Any CPU
		{21992999-E4D8-4427-BBDB-E0912DD49159}.Release|Any CPU.Build.0 = Release|Any CPU
	EndGlobalSection
	GlobalSection(SolutionProperties) = preSolution
		HideSolutionNode = FALSE
	EndGlobalSection
	GlobalSection(ExtensibilityGlobals) = postSolution
		SolutionGuid = {06CC4B15-3659-4C6B-9640-8D6689CA0E37}
	EndGlobalSection
EndGlobal
